
Microsoft Visual Studio Solution File, Format Version 12.00
# Visual Studio Version 17
VisualStudioVersion = 17.5.33627.172
MinimumVisualStudioVersion = 10.0.40219.1
Project("{FAE04EC0-301F-11D3-BF4B-00C04F79EFBC}") = "2.4", "2.4\2.4.csproj", "{EA851225-E0D6-4FB3-8C32-3FD139F54D24}"
EndProject
Global
	GlobalSection(SolutionConfigurationPlatforms) = preSolution
		Debug|Any CPU = Debug|Any CPU
		Release|Any CPU = Release|Any CPU
	EndGlobalSection
	GlobalSection(ProjectConfigurationPlatforms) = postSolution
		{EA851225-E0D6-4FB3-8C32-3FD139F54D24}.Debug|Any CPU.ActiveCfg = Debug|Any CPU
		{EA851225-E0D6-4FB3-8C32-3FD139F54D24}.Debug|Any CPU.Build.0 = Debug|Any CPU
		{EA851225-E0D6-4FB3-8C32-3FD139F54D24}.Release|Any CPU.ActiveCfg = Release|Any CPU
		{EA851225-E0D6-4FB3-8C32-3FD139F54D24}.Release|Any CPU.Build.0 = Release|Any CPU
	EndGlobalSection
	GlobalSection(SolutionProperties) = preSolution
		HideSolutionNode = FALSE
	EndGlobalSection
	GlobalSection(ExtensibilityGlobals) = postSolution
		SolutionGuid = {6E891556-1397-42BE-A1A8-FB261BAB3702}
	EndGlobalSection
EndGlobal
