
Microsoft Visual Studio Solution File, Format Version 12.00
# Visual Studio Version 17
VisualStudioVersion = 17.5.33627.172
MinimumVisualStudioVersion = 10.0.40219.1
Project("{FAE04EC0-301F-11D3-BF4B-00C04F79EFBC}") = "2.3", "2.3\2.3.csproj", "{05F8E72E-AB06-4A0B-A9A9-F6F7CB026205}"
EndProject
Global
	GlobalSection(SolutionConfigurationPlatforms) = preSolution
		Debug|Any CPU = Debug|Any CPU
		Release|Any CPU = Release|Any CPU
	EndGlobalSection
	GlobalSection(ProjectConfigurationPlatforms) = postSolution
		{05F8E72E-AB06-4A0B-A9A9-F6F7CB026205}.Debug|Any CPU.ActiveCfg = Debug|Any CPU
		{05F8E72E-AB06-4A0B-A9A9-F6F7CB026205}.Debug|Any CPU.Build.0 = Debug|Any CPU
		{05F8E72E-AB06-4A0B-A9A9-F6F7CB026205}.Release|Any CPU.ActiveCfg = Release|Any CPU
		{05F8E72E-AB06-4A0B-A9A9-F6F7CB026205}.Release|Any CPU.Build.0 = Release|Any CPU
	EndGlobalSection
	GlobalSection(SolutionProperties) = preSolution
		HideSolutionNode = FALSE
	EndGlobalSection
	GlobalSection(ExtensibilityGlobals) = postSolution
		SolutionGuid = {C178B4D4-5369-4F92-AFAE-4BF72C9270EB}
	EndGlobalSection
EndGlobal
